// !$*UTF8*$!
{
	archiveVersion = 1;
	classes = {
	};
	objectVersion = 46;
	objects = {

/* Begin PBXBuildFile section */
		8EA39A891A19D5A200746DF8 /* main.cpp in Sources */ = {isa = PBXBuildFile; fileRef = 8EA39A881A19D5A200746DF8 /* main.cpp */; };
		8EA39A961A19D71300746DF8 /* GameState.cpp in Sources */ = {isa = PBXBuildFile; fileRef = 8EA39A921A19D71300746DF8 /* GameState.cpp */; };
		8EA39A971A19D71300746DF8 /* Piece.cpp in Sources */ = {isa = PBXBuildFile; fileRef = 8EA39A941A19D71300746DF8 /* Piece.cpp */; };
/* End PBXBuildFile section */

/* Begin PBXCopyFilesBuildPhase section */
		8EA39A831A19D5A200746DF8 /* CopyFiles */ = {
			isa = PBXCopyFilesBuildPhase;
			buildActionMask = 2147483647;
			dstPath = /usr/share/man/man1/;
			dstSubfolderSpec = 0;
			files = (
			);
			runOnlyForDeploymentPostprocessing = 1;
		};
/* End PBXCopyFilesBuildPhase section */

/* Begin PBXFileReference section */
		8E6B0D841A381074000467D4 /* functions.h */ = {isa = PBXFileReference; fileEncoding = 4; lastKnownFileType = sourcecode.c.h; path = functions.h; sourceTree = "<group>"; };
		8EA39A851A19D5A200746DF8 /* smallChess */ = {isa = PBXFileReference; explicitFileType = "compiled.mach-o.executable"; includeInIndex = 0; path = smallChess; sourceTree = BUILT_PRODUCTS_DIR; };
		8EA39A881A19D5A200746DF8 /* main.cpp */ = {isa = PBXFileReference; lastKnownFileType = sourcecode.cpp.cpp; path = main.cpp; sourceTree = "<group>"; };
		8EA39A921A19D71300746DF8 /* GameState.cpp */ = {isa = PBXFileReference; fileEncoding = 4; lastKnownFileType = sourcecode.cpp.cpp; path = GameState.cpp; sourceTree = "<group>"; };
		8EA39A931A19D71300746DF8 /* GameState.h */ = {isa = PBXFileReference; fileEncoding = 4; lastKnownFileType = sourcecode.c.h; path = GameState.h; sourceTree = "<group>"; };
		8EA39A941A19D71300746DF8 /* Piece.cpp */ = {isa = PBXFileReference; fileEncoding = 4; lastKnownFileType = sourcecode.cpp.cpp; path = Piece.cpp; sourceTree = "<group>"; };
		8EA39A951A19D71300746DF8 /* Piece.h */ = {isa = PBXFileReference; fileEncoding = 4; lastKnownFileType = sourcecode.c.h; path = Piece.h; sourceTree = "<group>"; };
/* End PBXFileReference section */

/* Begin PBXFrameworksBuildPhase section */
		8EA39A821A19D5A200746DF8 /* Frameworks */ = {
			isa = PBXFrameworksBuildPhase;
			buildActionMask = 2147483647;
			files = (
			);
			runOnlyForDeploymentPostprocessing = 0;
		};
/* End PBXFrameworksBuildPhase section */

/* Begin PBXGroup section */
		8EA39A7C1A19D5A200746DF8 = {
			isa = PBXGroup;
			children = (
				8EA39A871A19D5A200746DF8 /* smallChess */,
				8EA39A861A19D5A200746DF8 /* Products */,
			);
			sourceTree = "<group>";
		};
		8EA39A861A19D5A200746DF8 /* Products */ = {
			isa = PBXGroup;
			children = (
				8EA39A851A19D5A200746DF8 /* smallChess */,
			);
			name = Products;
			sourceTree = "<group>";
		};
		8EA39A871A19D5A200746DF8 /* smallChess */ = {
			isa = PBXGroup;
			children = (
				8E6B0D841A381074000467D4 /* functions.h */,
				8EA39A921A19D71300746DF8 /* GameState.cpp */,
				8EA39A931A19D71300746DF8 /* GameState.h */,
				8EA39A941A19D71300746DF8 /* Piece.cpp */,
				8EA39A951A19D71300746DF8 /* Piece.h */,
				8EA39A881A19D5A200746DF8 /* main.cpp */,
			);
			path = smallChess;
			sourceTree = "<group>";
		};
/* End PBXGroup section */

/* Begin PBXNativeTarget section */
		8EA39A841A19D5A200746DF8 /* smallChess */ = {
			isa = PBXNativeTarget;
			buildConfigurationList = 8EA39A8C1A19D5A200746DF8 /* Build configuration list for PBXNativeTarget "smallChess" */;
			buildPhases = (
				8EA39A811A19D5A200746DF8 /* Sources */,
				8EA39A821A19D5A200746DF8 /* Frameworks */,
				8EA39A831A19D5A200746DF8 /* CopyFiles */,
			);
			buildRules = (
			);
			dependencies = (
			);
			name = smallChess;
			productName = smallChess;
			productReference = 8EA39A851A19D5A200746DF8 /* smallChess */;
			productType = "com.apple.product-type.tool";
		};
/* End PBXNativeTarget section */

/* Begin PBXProject section */
		8EA39A7D1A19D5A200746DF8 /* Project object */ = {
			isa = PBXProject;
			attributes = {
				LastUpgradeCheck = 0610;
				ORGANIZATIONNAME = "Ibrahim Saeed";
				TargetAttributes = {
					8EA39A841A19D5A200746DF8 = {
						CreatedOnToolsVersion = 6.1;
					};
				};
			};
			buildConfigurationList = 8EA39A801A19D5A200746DF8 /* Build configuration list for PBXProject "smallChess" */;
			compatibilityVersion = "Xcode 3.2";
			developmentRegion = English;
			hasScannedForEncodings = 0;
			knownRegions = (
				en,
			);
			mainGroup = 8EA39A7C1A19D5A200746DF8;
			productRefGroup = 8EA39A861A19D5A200746DF8 /* Products */;
			projectDirPath = "";
			projectRoot = "";
			targets = (
				8EA39A841A19D5A200746DF8 /* smallChess */,
			);
		};
/* End PBXProject section */

/* Begin PBXSourcesBuildPhase section */
		8EA39A811A19D5A200746DF8 /* Sources */ = {
			isa = PBXSourcesBuildPhase;
			buildActionMask = 2147483647;
			files = (
				8EA39A971A19D71300746DF8 /* Piece.cpp in Sources */,
				8EA39A891A19D5A200746DF8 /* main.cpp in Sources */,
				8EA39A961A19D71300746DF8 /* GameState.cpp in Sources */,
			);
			runOnlyForDeploymentPostprocessing = 0;
		};
/* End PBXSourcesBuildPhase section */

/* Begin XCBuildConfiguration section */
		8EA39A8A1A19D5A200746DF8 /* Debug */ = {
			isa = XCBuildConfiguration;
			buildSettings = {
				ALWAYS_SEARCH_USER_PATHS = NO;
				CLANG_CXX_LANGUAGE_STANDARD = "gnu++0x";
				CLANG_CXX_LIBRARY = "libc++";
				CLANG_ENABLE_MODULES = YES;
				CLANG_ENABLE_OBJC_ARC = YES;
				CLANG_WARN_BOOL_CONVERSION = YES;
				CLANG_WARN_CONSTANT_CONVERSION = YES;
				CLANG_WARN_DIRECT_OBJC_ISA_USAGE = YES_ERROR;
				CLANG_WARN_EMPTY_BODY = YES;
				CLANG_WARN_ENUM_CONVERSION = YES;
				CLANG_WARN_INT_CONVERSION = YES;
				CLANG_WARN_OBJC_ROOT_CLASS = YES_ERROR;
				CLANG_WARN_UNREACHABLE_CODE = YES;
				CLANG_WARN__DUPLICATE_METHOD_MATCH = YES;
				COPY_PHASE_STRIP = NO;
				ENABLE_STRICT_OBJC_MSGSEND = YES;
				GCC_C_LANGUAGE_STANDARD = gnu99;
				GCC_DYNAMIC_NO_PIC = NO;
				GCC_OPTIMIZATION_LEVEL = 0;
				GCC_PREPROCESSOR_DEFINITIONS = (
					"DEBUG=1",
					"$(inherited)",
				);
				GCC_SYMBOLS_PRIVATE_EXTERN = NO;
				GCC_WARN_64_TO_32_BIT_CONVERSION = YES;
				GCC_WARN_ABOUT_RETURN_TYPE = YES_ERROR;
				GCC_WARN_UNDECLARED_SELECTOR = YES;
				GCC_WARN_UNINITIALIZED_AUTOS = YES_AGGRESSIVE;
				GCC_WARN_UNUSED_FUNCTION = YES;
				GCC_WARN_UNUSED_VARIABLE = YES;
				MACOSX_DEPLOYMENT_TARGET = 10.10;
				MTL_ENABLE_DEBUG_INFO = YES;
				ONLY_ACTIVE_ARCH = YES;
				SDKROOT = macosx;
			};
			name = Debug;
		};
		8EA39A8B1A19D5A200746DF8 /* Release */ = {
			isa = XCBuildConfiguration;
			buildSettings = {
				ALWAYS_SEARCH_USER_PATHS = NO;
				CLANG_CXX_LANGUAGE_STANDARD = "gnu++0x";
				CLANG_CXX_LIBRARY = "libc++";
				CLANG_ENABLE_MODULES = YES;
				CLANG_ENABLE_OBJC_ARC = YES;
				CLANG_WARN_BOOL_CONVERSION = YES;
				CLANG_WARN_CONSTANT_CONVERSION = YES;
				CLANG_WARN_DIRECT_OBJC_ISA_USAGE = YES_ERROR;
				CLANG_WARN_EMPTY_BODY = YES;
				CLANG_WARN_ENUM_CONVERSION = YES;
				CLANG_WARN_INT_CONVERSION = YES;
				CLANG_WARN_OBJC_ROOT_CLASS = YES_ERROR;
				CLANG_WARN_UNREACHABLE_CODE = YES;
				CLANG_WARN__DUPLICATE_METHOD_MATCH = YES;
				COPY_PHASE_STRIP = YES;
				DEBUG_INFORMATION_FORMAT = "dwarf-with-dsym";
				ENABLE_NS_ASSERTIONS = NO;
				ENABLE_STRICT_OBJC_MSGSEND = YES;
				GCC_C_LANGUAGE_STANDARD = gnu99;
				GCC_WARN_64_TO_32_BIT_CONVERSION = YES;
				GCC_WARN_ABOUT_RETURN_TYPE = YES_ERROR;
				GCC_WARN_UNDECLARED_SELECTOR = YES;
				GCC_WARN_UNINITIALIZED_AUTOS = YES_AGGRESSIVE;
				GCC_WARN_UNUSED_FUNCTION = YES;
				GCC_WARN_UNUSED_VARIABLE = YES;
				MACOSX_DEPLOYMENT_TARGET = 10.10;
				MTL_ENABLE_DEBUG_INFO = NO;
				SDKROOT = macosx;
			};
			name = Release;
		};
		8EA39A8D1A19D5A200746DF8 /* Debug */ = {
			isa = XCBuildConfiguration;
			buildSettings = {
				PRODUCT_NAME = "$(TARGET_NAME)";
			};
			name = Debug;
		};
		8EA39A8E1A19D5A200746DF8 /* Release */ = {
			isa = XCBuildConfiguration;
			buildSettings = {
				PRODUCT_NAME = "$(TARGET_NAME)";
			};
			name = Release;
		};
/* End XCBuildConfiguration section */

/* Begin XCConfigurationList section */
		8EA39A801A19D5A200746DF8 /* Build configuration list for PBXProject "smallChess" */ = {
			isa = XCConfigurationList;
			buildConfigurations = (
				8EA39A8A1A19D5A200746DF8 /* Debug */,
				8EA39A8B1A19D5A200746DF8 /* Release */,
			);
			defaultConfigurationIsVisible = 0;
			defaultConfigurationName = Release;
		};
		8EA39A8C1A19D5A200746DF8 /* Build configuration list for PBXNativeTarget "smallChess" */ = {
			isa = XCConfigurationList;
			buildConfigurations = (
				8EA39A8D1A19D5A200746DF8 /* Debug */,
				8EA39A8E1A19D5A200746DF8 /* Release */,
			);
			defaultConfigurationIsVisible = 0;
			defaultConfigurationName = Release;
		};
/* End XCConfigurationList section */
	};
	rootObject = 8EA39A7D1A19D5A200746DF8 /* Project object */;
}
